
Microsoft Visual Studio Solution File, Format Version 12.00
# Visual Studio 15
Project("{FAE04EC0-301F-11D3-BF4B-00C04F79EFBC}") = "UnityEngine.UI", "UnityEngine.UI.csproj", "{E4F744AD-8731-FC52-9C74-981701F50566}"
EndProject
Project("{FAE04EC0-301F-11D3-BF4B-00C04F79EFBC}") = "Assembly-CSharp", "Assembly-CSharp.csproj", "{300DD925-4A9E-CC96-623E-8475EDDAF673}"
EndProject
Project("{FAE04EC0-301F-11D3-BF4B-00C04F79EFBC}") = "UnityEditor.UI", "UnityEditor.UI.csproj", "{FDA5B37A-08F6-E951-3826-0EFCB12F8217}"
EndProject
Project("{FAE04EC0-301F-11D3-BF4B-00C04F79EFBC}") = "UnityEngine.UI", "UnityEngine.UI.Player.csproj", "{FA44CDC2-F86C-4171-177A-17B2FF5EB68E}"
EndProject
Project("{FAE04EC0-301F-11D3-BF4B-00C04F79EFBC}") = "Assembly-CSharp", "Assembly-CSharp.Player.csproj", "{BDA7ABD3-A8BB-C888-2E35-23E39FF5CAB8}"
EndProject
Global
	GlobalSection(SolutionConfigurationPlatforms) = preSolution
		Debug|Any CPU = Debug|Any CPU
		Release|Any CPU = Release|Any CPU
	EndGlobalSection
	GlobalSection(ProjectConfigurationPlatforms) = postSolution
		{E4F744AD-8731-FC52-9C74-981701F50566}.Debug|Any CPU.ActiveCfg = Debug|Any CPU
		{E4F744AD-8731-FC52-9C74-981701F50566}.Debug|Any CPU.Build.0 = Debug|Any CPU
		{E4F744AD-8731-FC52-9C74-981701F50566}.Release|Any CPU.ActiveCfg = Release|Any CPU
		{E4F744AD-8731-FC52-9C74-981701F50566}.Release|Any CPU.Build.0 = Release|Any CPU
		{300DD925-4A9E-CC96-623E-8475EDDAF673}.Debug|Any CPU.ActiveCfg = Debug|Any CPU
		{300DD925-4A9E-CC96-623E-8475EDDAF673}.Debug|Any CPU.Build.0 = Debug|Any CPU
		{300DD925-4A9E-CC96-623E-8475EDDAF673}.Release|Any CPU.ActiveCfg = Release|Any CPU
		{300DD925-4A9E-CC96-623E-8475EDDAF673}.Release|Any CPU.Build.0 = Release|Any CPU
		{FDA5B37A-08F6-E951-3826-0EFCB12F8217}.Debug|Any CPU.ActiveCfg = Debug|Any CPU
		{FDA5B37A-08F6-E951-3826-0EFCB12F8217}.Debug|Any CPU.Build.0 = Debug|Any CPU
		{FDA5B37A-08F6-E951-3826-0EFCB12F8217}.Release|Any CPU.ActiveCfg = Release|Any CPU
		{FDA5B37A-08F6-E951-3826-0EFCB12F8217}.Release|Any CPU.Build.0 = Release|Any CPU
		{FA44CDC2-F86C-4171-177A-17B2FF5EB68E}.Debug|Any CPU.ActiveCfg = Debug|Any CPU
		{FA44CDC2-F86C-4171-177A-17B2FF5EB68E}.Debug|Any CPU.Build.0 = Debug|Any CPU
		{FA44CDC2-F86C-4171-177A-17B2FF5EB68E}.Release|Any CPU.ActiveCfg = Release|Any CPU
		{FA44CDC2-F86C-4171-177A-17B2FF5EB68E}.Release|Any CPU.Build.0 = Release|Any CPU
		{BDA7ABD3-A8BB-C888-2E35-23E39FF5CAB8}.Debug|Any CPU.ActiveCfg = Debug|Any CPU
		{BDA7ABD3-A8BB-C888-2E35-23E39FF5CAB8}.Debug|Any CPU.Build.0 = Debug|Any CPU
		{BDA7ABD3-A8BB-C888-2E35-23E39FF5CAB8}.Release|Any CPU.ActiveCfg = Release|Any CPU
		{BDA7ABD3-A8BB-C888-2E35-23E39FF5CAB8}.Release|Any CPU.Build.0 = Release|Any CPU
	EndGlobalSection
	GlobalSection(SolutionProperties) = preSolution
		HideSolutionNode = FALSE
	EndGlobalSection
EndGlobal
